
Microsoft Visual Studio Solution File, Format Version 12.00
# Visual Studio Version 17
VisualStudioVersion = 17.14.36511.14 d17.14
MinimumVisualStudioVersion = 10.0.40219.1
Project("{8BC9CEB8-8B4A-11D0-8D11-00A0C91BC942}") = "SPZad3", "SPZad3\SPZad3.vcxproj", "{7545F7B7-26FD-43B9-ACE5-31E3B9B05925}"
EndProject
Global
	GlobalSection(SolutionConfigurationPlatforms) = preSolution
		Debug|x64 = Debug|x64
		Debug|x86 = Debug|x86
		Release|x64 = Release|x64
		Release|x86 = Release|x86
	EndGlobalSection
	GlobalSection(ProjectConfigurationPlatforms) = postSolution
		{7545F7B7-26FD-43B9-ACE5-31E3B9B05925}.Debug|x64.ActiveCfg = Debug|x64
		{7545F7B7-26FD-43B9-ACE5-31E3B9B05925}.Debug|x64.Build.0 = Debug|x64
		{7545F7B7-26FD-43B9-ACE5-31E3B9B05925}.Debug|x86.ActiveCfg = Debug|Win32
		{7545F7B7-26FD-43B9-ACE5-31E3B9B05925}.Debug|x86.Build.0 = Debug|Win32
		{7545F7B7-26FD-43B9-ACE5-31E3B9B05925}.Release|x64.ActiveCfg = Release|x64
		{7545F7B7-26FD-43B9-ACE5-31E3B9B05925}.Release|x64.Build.0 = Release|x64
		{7545F7B7-26FD-43B9-ACE5-31E3B9B05925}.Release|x86.ActiveCfg = Release|Win32
		{7545F7B7-26FD-43B9-ACE5-31E3B9B05925}.Release|x86.Build.0 = Release|Win32
	EndGlobalSection
	GlobalSection(SolutionProperties) = preSolution
		HideSolutionNode = FALSE
	EndGlobalSection
	GlobalSection(ExtensibilityGlobals) = postSolution
		SolutionGuid = {83796832-111F-4160-AE0B-D2D99C7ACD4A}
	EndGlobalSection
EndGlobal
